
Microsoft Visual Studio Solution File, Format Version 12.00
# Visual Studio Version 17
VisualStudioVersion = 17.14.36310.24 d17.14
MinimumVisualStudioVersion = 10.0.40219.1
Project("{FAE04EC0-301F-11D3-BF4B-00C04F79EFBC}") = "AzubiFlow", "AzubiFlow.csproj", "{D9F47FC3-7708-8093-0F37-E98F9A18835B}"
EndProject
Global
	GlobalSection(SolutionConfigurationPlatforms) = preSolution
		Debug|Any CPU = Debug|Any CPU
		Release|Any CPU = Release|Any CPU
	EndGlobalSection
	GlobalSection(ProjectConfigurationPlatforms) = postSolution
		{D9F47FC3-7708-8093-0F37-E98F9A18835B}.Debug|Any CPU.ActiveCfg = Debug|Any CPU
		{D9F47FC3-7708-8093-0F37-E98F9A18835B}.Debug|Any CPU.Build.0 = Debug|Any CPU
		{D9F47FC3-7708-8093-0F37-E98F9A18835B}.Release|Any CPU.ActiveCfg = Release|Any CPU
		{D9F47FC3-7708-8093-0F37-E98F9A18835B}.Release|Any CPU.Build.0 = Release|Any CPU
	EndGlobalSection
	GlobalSection(SolutionProperties) = preSolution
		HideSolutionNode = FALSE
	EndGlobalSection
	GlobalSection(ExtensibilityGlobals) = postSolution
		SolutionGuid = {F4B86093-51AD-4F38-860D-74BDAFE3A705}
	EndGlobalSection
EndGlobal
